
Microsoft Visual Studio Solution File, Format Version 12.00
# Visual Studio 15
VisualStudioVersion = 15.0.27130.2036
MinimumVisualStudioVersion = 10.0.40219.1
Project("{FAE04EC0-301F-11D3-BF4B-00C04F79EFBC}") = "GADE_POE_task 3", "GADE_POE_task 3.csproj", "{7186CD47-EF09-4C3A-A7AD-A70CDD03E00E}"
EndProject
Global
	GlobalSection(SolutionConfigurationPlatforms) = preSolution
		Debug|Any CPU = Debug|Any CPU
		Release|Any CPU = Release|Any CPU
	EndGlobalSection
	GlobalSection(ProjectConfigurationPlatforms) = postSolution
		{7186CD47-EF09-4C3A-A7AD-A70CDD03E00E}.Debug|Any CPU.ActiveCfg = Debug|Any CPU
		{7186CD47-EF09-4C3A-A7AD-A70CDD03E00E}.Debug|Any CPU.Build.0 = Debug|Any CPU
		{7186CD47-EF09-4C3A-A7AD-A70CDD03E00E}.Release|Any CPU.ActiveCfg = Release|Any CPU
		{7186CD47-EF09-4C3A-A7AD-A70CDD03E00E}.Release|Any CPU.Build.0 = Release|Any CPU
	EndGlobalSection
	GlobalSection(SolutionProperties) = preSolution
		HideSolutionNode = FALSE
	EndGlobalSection
	GlobalSection(ExtensibilityGlobals) = postSolution
		SolutionGuid = {0D963433-C33D-4AE9-BE59-CC15764A0C8D}
	EndGlobalSection
EndGlobal
